
Microsoft Visual Studio Solution File, Format Version 12.00
# Visual Studio Version 17
VisualStudioVersion = 17.11.35222.181
MinimumVisualStudioVersion = 10.0.40219.1
Project("{FAE04EC0-301F-11D3-BF4B-00C04F79EFBC}") = "program 13", "program 13\program 13.csproj", "{7FF0CE33-9AF4-4436-BC4B-0FA01C5DE808}"
EndProject
Global
	GlobalSection(SolutionConfigurationPlatforms) = preSolution
		Debug|Any CPU = Debug|Any CPU
		Release|Any CPU = Release|Any CPU
	EndGlobalSection
	GlobalSection(ProjectConfigurationPlatforms) = postSolution
		{7FF0CE33-9AF4-4436-BC4B-0FA01C5DE808}.Debug|Any CPU.ActiveCfg = Debug|Any CPU
		{7FF0CE33-9AF4-4436-BC4B-0FA01C5DE808}.Debug|Any CPU.Build.0 = Debug|Any CPU
		{7FF0CE33-9AF4-4436-BC4B-0FA01C5DE808}.Release|Any CPU.ActiveCfg = Release|Any CPU
		{7FF0CE33-9AF4-4436-BC4B-0FA01C5DE808}.Release|Any CPU.Build.0 = Release|Any CPU
	EndGlobalSection
	GlobalSection(SolutionProperties) = preSolution
		HideSolutionNode = FALSE
	EndGlobalSection
	GlobalSection(ExtensibilityGlobals) = postSolution
		SolutionGuid = {EDC6F1FC-1CA9-4168-A48C-7709902D3AF5}
	EndGlobalSection
EndGlobal
